// !$*UTF8*$!
{
	archiveVersion = 1;
	classes = {
	};
	objectVersion = 52;
	objects = {

/* Begin PBXBuildFile section */
		B9C4113B2E4DED8ACF4B9F44 /* Pods_Project_Doggystyle_iOS.framework in Frameworks */ = {isa = PBXBuildFile; fileRef = 41D14D6AC9CE858765BD6462 /* Pods_Project_Doggystyle_iOS.framework */; };
		CD203BF72667D3B900335D93 /* PDFViewController.swift in Sources */ = {isa = PBXBuildFile; fileRef = CD203BF62667D3B900335D93 /* PDFViewController.swift */; };
		CD203BFA2667FA9F00335D93 /* DashboardViewController.swift in Sources */ = {isa = PBXBuildFile; fileRef = CD203BF92667FA9F00335D93 /* DashboardViewController.swift */; };
		CD203BFC2667FAB300335D93 /* ServicesController.swift in Sources */ = {isa = PBXBuildFile; fileRef = CD203BFB2667FAB300335D93 /* ServicesController.swift */; };
		CD203C002667FACC00335D93 /* ProfileViewController.swift in Sources */ = {isa = PBXBuildFile; fileRef = CD203BFF2667FACC00335D93 /* ProfileViewController.swift */; };
		CD319F6B26790AD900F48E3C /* DeleteLaterViewController.swift in Sources */ = {isa = PBXBuildFile; fileRef = CD319F6A26790AD900F48E3C /* DeleteLaterViewController.swift */; };
		CD319F71267936AD00F48E3C /* Poppins-Bold.ttf in Resources */ = {isa = PBXBuildFile; fileRef = CD319F6E267936AD00F48E3C /* Poppins-Bold.ttf */; };
		CD319F72267936AD00F48E3C /* Poppins-Regular.ttf in Resources */ = {isa = PBXBuildFile; fileRef = CD319F6F267936AD00F48E3C /* Poppins-Regular.ttf */; };
		CD319F73267936AD00F48E3C /* Poppins-SemiBold.ttf in Resources */ = {isa = PBXBuildFile; fileRef = CD319F70267936AD00F48E3C /* Poppins-SemiBold.ttf */; };
		CD319F782679435900F48E3C /* DSNavButton.swift in Sources */ = {isa = PBXBuildFile; fileRef = CD319F772679435900F48E3C /* DSNavButton.swift */; };
		CD319F7A2679462500F48E3C /* LogoImageView.swift in Sources */ = {isa = PBXBuildFile; fileRef = CD319F792679462500F48E3C /* LogoImageView.swift */; };
		CD319F7D26794D5E00F48E3C /* DSBoldLabel.swift in Sources */ = {isa = PBXBuildFile; fileRef = CD319F7C26794D5E00F48E3C /* DSBoldLabel.swift */; };
		CD686882265412BB0064ADFE /* DSAlertViewController.swift in Sources */ = {isa = PBXBuildFile; fileRef = CD686881265412BB0064ADFE /* DSAlertViewController.swift */; };
		CD6868842654373A0064ADFE /* UIButton+Ext.swift in Sources */ = {isa = PBXBuildFile; fileRef = CD6868832654373A0064ADFE /* UIButton+Ext.swift */; };
		CD6868902656EF920064ADFE /* LocationNotServicedViewController.swift in Sources */ = {isa = PBXBuildFile; fileRef = CD68688F2656EF920064ADFE /* LocationNotServicedViewController.swift */; };
		CD6868922656EFB20064ADFE /* RequestUserLocationViewController.swift in Sources */ = {isa = PBXBuildFile; fileRef = CD6868912656EFB20064ADFE /* RequestUserLocationViewController.swift */; };
		CD6DCFF2267A62D300BC376B /* Package.swift in Sources */ = {isa = PBXBuildFile; fileRef = CD6DCFF1267A62D300BC376B /* Package.swift */; };
		CD6DCFF4267A648400BC376B /* ServiceOfTheWeekView.swift in Sources */ = {isa = PBXBuildFile; fileRef = CD6DCFF3267A648400BC376B /* ServiceOfTheWeekView.swift */; };
		CD6DCFF6267A820700BC376B /* Pet.swift in Sources */ = {isa = PBXBuildFile; fileRef = CD6DCFF5267A820700BC376B /* Pet.swift */; };
		CD6DCFF8267A824A00BC376B /* Appointment.swift in Sources */ = {isa = PBXBuildFile; fileRef = CD6DCFF7267A824A00BC376B /* Appointment.swift */; };
		CD6DCFFA267A8D7400BC376B /* DSSemiBoldLabel.swift in Sources */ = {isa = PBXBuildFile; fileRef = CD6DCFF9267A8D7400BC376B /* DSSemiBoldLabel.swift */; };
		CD6DCFFC267A8DD200BC376B /* DSRegularLabel.swift in Sources */ = {isa = PBXBuildFile; fileRef = CD6DCFFB267A8DD200BC376B /* DSRegularLabel.swift */; };
		CD6DCFFF267ACAEE00BC376B /* PetCollectionViewCell.swift in Sources */ = {isa = PBXBuildFile; fileRef = CD6DCFFE267ACAEE00BC376B /* PetCollectionViewCell.swift */; };
		CD6DD001267AD81100BC376B /* AppointmentsViewController.swift in Sources */ = {isa = PBXBuildFile; fileRef = CD6DD000267AD81100BC376B /* AppointmentsViewController.swift */; };
		CD6DD005267B9DAF00BC376B /* DSContainerView.swift in Sources */ = {isa = PBXBuildFile; fileRef = CD6DD004267B9DAF00BC376B /* DSContainerView.swift */; };
		CD6DD008267FC0F500BC376B /* MyPetsController.swift in Sources */ = {isa = PBXBuildFile; fileRef = CD6DD007267FC0F500BC376B /* MyPetsController.swift */; };
		CD6DD00A267FC7A800BC376B /* PaymentController.swift in Sources */ = {isa = PBXBuildFile; fileRef = CD6DD009267FC7A800BC376B /* PaymentController.swift */; };
		CD6DD00C267FC7DF00BC376B /* ContactUsController.swift in Sources */ = {isa = PBXBuildFile; fileRef = CD6DD00B267FC7DF00BC376B /* ContactUsController.swift */; };
		CD6DD00E267FC86000BC376B /* RefurAFriendController.swift in Sources */ = {isa = PBXBuildFile; fileRef = CD6DD00D267FC86000BC376B /* RefurAFriendController.swift */; };
		CD6DD010267FDEED00BC376B /* NotificationController.swift in Sources */ = {isa = PBXBuildFile; fileRef = CD6DD00F267FDEED00BC376B /* NotificationController.swift */; };
		CD6DD0142680DDC900BC376B /* SlideOne.swift in Sources */ = {isa = PBXBuildFile; fileRef = CD6DD0112680DDC900BC376B /* SlideOne.swift */; };
		CD6DD0152680DDC900BC376B /* SlideTwo.swift in Sources */ = {isa = PBXBuildFile; fileRef = CD6DD0122680DDC900BC376B /* SlideTwo.swift */; };
		CD6DD0162680DDC900BC376B /* SlideThree.swift in Sources */ = {isa = PBXBuildFile; fileRef = CD6DD0132680DDC900BC376B /* SlideThree.swift */; };
		CD6DD0182680DE2E00BC376B /* TutorialController.swift in Sources */ = {isa = PBXBuildFile; fileRef = CD6DD0172680DE2E00BC376B /* TutorialController.swift */; };
		CDCCD093265C2563007ABECF /* NotServicedNumberSubmittedViewController.swift in Sources */ = {isa = PBXBuildFile; fileRef = CDCCD092265C2563007ABECF /* NotServicedNumberSubmittedViewController.swift */; };
		CDCCD0B0265D4DB4007ABECF /* Constants.swift in Sources */ = {isa = PBXBuildFile; fileRef = CDCCD0AF265D4DB4007ABECF /* Constants.swift */; };
		CDCCD0B2265D7CC1007ABECF /* HowToEnableLocationView.swift in Sources */ = {isa = PBXBuildFile; fileRef = CDCCD0B1265D7CC1007ABECF /* HowToEnableLocationView.swift */; };
		CDCCD0B5265EB5DF007ABECF /* CreateDoggyProfileViewController.swift in Sources */ = {isa = PBXBuildFile; fileRef = CDCCD0B4265EB5DF007ABECF /* CreateDoggyProfileViewController.swift */; };
		CDCCD0B8265EB884007ABECF /* User.swift in Sources */ = {isa = PBXBuildFile; fileRef = CDCCD0B7265EB884007ABECF /* User.swift */; };
		CDE870DE2652E1610082551B /* AppDelegate.swift in Sources */ = {isa = PBXBuildFile; fileRef = CDE870DD2652E1610082551B /* AppDelegate.swift */; };
		CDE870E02652E1610082551B /* SceneDelegate.swift in Sources */ = {isa = PBXBuildFile; fileRef = CDE870DF2652E1610082551B /* SceneDelegate.swift */; };
		CDE870E72652E1640082551B /* Assets.xcassets in Resources */ = {isa = PBXBuildFile; fileRef = CDE870E62652E1640082551B /* Assets.xcassets */; };
		CDE870EA2652E1640082551B /* LaunchScreen.storyboard in Resources */ = {isa = PBXBuildFile; fileRef = CDE870E82652E1640082551B /* LaunchScreen.storyboard */; };
		CDE870F42652E1FB0082551B /* ConcertOne-Regular.ttf in Resources */ = {isa = PBXBuildFile; fileRef = CDE870F32652E1FB0082551B /* ConcertOne-Regular.ttf */; };
		CDE871012652E2080082551B /* Roboto-LightItalic.ttf in Resources */ = {isa = PBXBuildFile; fileRef = CDE870F52652E2070082551B /* Roboto-LightItalic.ttf */; };
		CDE871022652E2080082551B /* Roboto-Light.ttf in Resources */ = {isa = PBXBuildFile; fileRef = CDE870F62652E2070082551B /* Roboto-Light.ttf */; };
		CDE871032652E2080082551B /* Roboto-Medium.ttf in Resources */ = {isa = PBXBuildFile; fileRef = CDE870F72652E2070082551B /* Roboto-Medium.ttf */; };
		CDE871042652E2080082551B /* Roboto-MediumItalic.ttf in Resources */ = {isa = PBXBuildFile; fileRef = CDE870F82652E2070082551B /* Roboto-MediumItalic.ttf */; };
		CDE871052652E2080082551B /* Roboto-Thin.ttf in Resources */ = {isa = PBXBuildFile; fileRef = CDE870F92652E2070082551B /* Roboto-Thin.ttf */; };
		CDE871062652E2080082551B /* Roboto-BlackItalic.ttf in Resources */ = {isa = PBXBuildFile; fileRef = CDE870FA2652E2070082551B /* Roboto-BlackItalic.ttf */; };
		CDE871072652E2080082551B /* Roboto-Black.ttf in Resources */ = {isa = PBXBuildFile; fileRef = CDE870FB2652E2070082551B /* Roboto-Black.ttf */; };
		CDE871082652E2080082551B /* Roboto-BoldItalic.ttf in Resources */ = {isa = PBXBuildFile; fileRef = CDE870FC2652E2070082551B /* Roboto-BoldItalic.ttf */; };
		CDE871092652E2080082551B /* Roboto-Regular.ttf in Resources */ = {isa = PBXBuildFile; fileRef = CDE870FD2652E2070082551B /* Roboto-Regular.ttf */; };
		CDE8710A2652E2080082551B /* Roboto-ThinItalic.ttf in Resources */ = {isa = PBXBuildFile; fileRef = CDE870FE2652E2070082551B /* Roboto-ThinItalic.ttf */; };
		CDE8710B2652E2080082551B /* Roboto-Bold.ttf in Resources */ = {isa = PBXBuildFile; fileRef = CDE870FF2652E2070082551B /* Roboto-Bold.ttf */; };
		CDE8710C2652E2080082551B /* Roboto-Italic.ttf in Resources */ = {isa = PBXBuildFile; fileRef = CDE871002652E2080082551B /* Roboto-Italic.ttf */; };
		CDE871112652E2DC0082551B /* DividerView.swift in Sources */ = {isa = PBXBuildFile; fileRef = CDE871102652E2DC0082551B /* DividerView.swift */; };
		CDE8711C2652E3030082551B /* TextField+Ext.swift in Sources */ = {isa = PBXBuildFile; fileRef = CDE871132652E3030082551B /* TextField+Ext.swift */; };
		CDE8711E2652E3030082551B /* UIColor+Ext.swift in Sources */ = {isa = PBXBuildFile; fileRef = CDE871152652E3030082551B /* UIColor+Ext.swift */; };
		CDE8711F2652E3030082551B /* Firebase+Ext.swift in Sources */ = {isa = PBXBuildFile; fileRef = CDE871162652E3030082551B /* Firebase+Ext.swift */; };
		CDE871202652E3030082551B /* NetworkMonitor.swift in Sources */ = {isa = PBXBuildFile; fileRef = CDE871172652E3030082551B /* NetworkMonitor.swift */; };
		CDE871222652E3030082551B /* UIViewController+Ext.swift in Sources */ = {isa = PBXBuildFile; fileRef = CDE871192652E3030082551B /* UIViewController+Ext.swift */; };
		CDE871232652E3030082551B /* String + Ext.swift in Sources */ = {isa = PBXBuildFile; fileRef = CDE8711A2652E3030082551B /* String + Ext.swift */; };
		CDE871242652E3030082551B /* UIFont+Ext.swift in Sources */ = {isa = PBXBuildFile; fileRef = CDE8711B2652E3030082551B /* UIFont+Ext.swift */; };
		CDE871272652E3310082551B /* Localizable.strings in Resources */ = {isa = PBXBuildFile; fileRef = CDE871292652E3310082551B /* Localizable.strings */; };
		CDE8712E2652E3E70082551B /* TinyConstraints in Frameworks */ = {isa = PBXBuildFile; productRef = CDE8712D2652E3E70082551B /* TinyConstraints */; };
		CDE871312652E4390082551B /* PhoneNumberKit in Frameworks */ = {isa = PBXBuildFile; productRef = CDE871302652E4390082551B /* PhoneNumberKit */; };
		CDE871342652E4FE0082551B /* FirebaseInstallations in Frameworks */ = {isa = PBXBuildFile; productRef = CDE871332652E4FE0082551B /* FirebaseInstallations */; };
		CDE871362652E4FE0082551B /* FirebaseMessaging in Frameworks */ = {isa = PBXBuildFile; productRef = CDE871352652E4FE0082551B /* FirebaseMessaging */; };
		CDE871382652E4FE0082551B /* FirebaseInAppMessagingSwift-Beta in Frameworks */ = {isa = PBXBuildFile; productRef = CDE871372652E4FE0082551B /* FirebaseInAppMessagingSwift-Beta */; };
		CDE8713A2652E4FE0082551B /* FirebaseDynamicLinks in Frameworks */ = {isa = PBXBuildFile; productRef = CDE871392652E4FE0082551B /* FirebaseDynamicLinks */; };
		CDE8713C2652E4FE0082551B /* FirebaseStorage in Frameworks */ = {isa = PBXBuildFile; productRef = CDE8713B2652E4FE0082551B /* FirebaseStorage */; };
		CDE8713E2652E4FE0082551B /* FirebaseAppCheck in Frameworks */ = {isa = PBXBuildFile; productRef = CDE8713D2652E4FE0082551B /* FirebaseAppCheck */; };
		CDE871402652E4FE0082551B /* FirebaseAnalytics in Frameworks */ = {isa = PBXBuildFile; productRef = CDE8713F2652E4FE0082551B /* FirebaseAnalytics */; };
		CDE871422652E4FE0082551B /* FirebaseAuth in Frameworks */ = {isa = PBXBuildFile; productRef = CDE871412652E4FE0082551B /* FirebaseAuth */; };
		CDE871442652E4FE0082551B /* FirebaseFirestore in Frameworks */ = {isa = PBXBuildFile; productRef = CDE871432652E4FE0082551B /* FirebaseFirestore */; };
		CDE871462652E4FE0082551B /* FirebaseDatabase in Frameworks */ = {isa = PBXBuildFile; productRef = CDE871452652E4FE0082551B /* FirebaseDatabase */; };
		CDE871482652E4FE0082551B /* FirebaseFunctions in Frameworks */ = {isa = PBXBuildFile; productRef = CDE871472652E4FE0082551B /* FirebaseFunctions */; };
		CDE8714A2652E4FE0082551B /* FirebaseCrashlytics in Frameworks */ = {isa = PBXBuildFile; productRef = CDE871492652E4FE0082551B /* FirebaseCrashlytics */; };
		CDE8714C2652E4FE0082551B /* FirebaseRemoteConfig in Frameworks */ = {isa = PBXBuildFile; productRef = CDE8714B2652E4FE0082551B /* FirebaseRemoteConfig */; };
		CDE871502652E66A0082551B /* DecisionController.swift in Sources */ = {isa = PBXBuildFile; fileRef = CDE8714E2652E66A0082551B /* DecisionController.swift */; };
		CDE871512652E66A0082551B /* HomeViewController.swift in Sources */ = {isa = PBXBuildFile; fileRef = CDE8714F2652E66A0082551B /* HomeViewController.swift */; };
		CDE871582652E6850082551B /* EmailSignInViewController.swift in Sources */ = {isa = PBXBuildFile; fileRef = CDE871532652E6850082551B /* EmailSignInViewController.swift */; };
		CDE871592652E6850082551B /* EmailSignUpViewController.swift in Sources */ = {isa = PBXBuildFile; fileRef = CDE871542652E6850082551B /* EmailSignUpViewController.swift */; };
		CDE8715A2652E6850082551B /* SignInViewController.swift in Sources */ = {isa = PBXBuildFile; fileRef = CDE871552652E6850082551B /* SignInViewController.swift */; };
		CDE8715B2652E6850082551B /* ReferralCodeViewController.swift in Sources */ = {isa = PBXBuildFile; fileRef = CDE871562652E6850082551B /* ReferralCodeViewController.swift */; };
		CDE8715C2652E6850082551B /* SignUpViewController.swift in Sources */ = {isa = PBXBuildFile; fileRef = CDE871572652E6850082551B /* SignUpViewController.swift */; };
		CDE871612652E69B0082551B /* SuccessfulPasswordResetViewController.swift in Sources */ = {isa = PBXBuildFile; fileRef = CDE8715E2652E69B0082551B /* SuccessfulPasswordResetViewController.swift */; };
		CDE871622652E69B0082551B /* ResetPasswordViewController.swift in Sources */ = {isa = PBXBuildFile; fileRef = CDE8715F2652E69B0082551B /* ResetPasswordViewController.swift */; };
		CDE871632652E69B0082551B /* InstructionsViewController.swift in Sources */ = {isa = PBXBuildFile; fileRef = CDE871602652E69B0082551B /* InstructionsViewController.swift */; };
		CDE871652652E6E60082551B /* DSButton.swift in Sources */ = {isa = PBXBuildFile; fileRef = CDE871642652E6E60082551B /* DSButton.swift */; };
		CDE871682652EA3B0082551B /* .gitignore in Resources */ = {isa = PBXBuildFile; fileRef = CDE871672652EA3B0082551B /* .gitignore */; };
		CDE87177265311150082551B /* Lottie in Frameworks */ = {isa = PBXBuildFile; productRef = CDE87176265311150082551B /* Lottie */; };
		CDE8717A2653118B0082551B /* Alamofire in Frameworks */ = {isa = PBXBuildFile; productRef = CDE871792653118B0082551B /* Alamofire */; };
		CDE8717D26531B040082551B /* SDWebImage in Frameworks */ = {isa = PBXBuildFile; productRef = CDE8717C26531B040082551B /* SDWebImage */; };
		CDE8717F26531B040082551B /* SDWebImageMapKit in Frameworks */ = {isa = PBXBuildFile; productRef = CDE8717E26531B040082551B /* SDWebImageMapKit */; };
/* End PBXBuildFile section */

/* Begin PBXFileReference section */
		009E7669434EEDF1549DCECF /* Pods-Project Doggystyle iOS.debug.xcconfig */ = {isa = PBXFileReference; includeInIndex = 1; lastKnownFileType = text.xcconfig; name = "Pods-Project Doggystyle iOS.debug.xcconfig"; path = "Target Support Files/Pods-Project Doggystyle iOS/Pods-Project Doggystyle iOS.debug.xcconfig"; sourceTree = "<group>"; };
		41D14D6AC9CE858765BD6462 /* Pods_Project_Doggystyle_iOS.framework */ = {isa = PBXFileReference; explicitFileType = wrapper.framework; includeInIndex = 0; path = Pods_Project_Doggystyle_iOS.framework; sourceTree = BUILT_PRODUCTS_DIR; };
		AB384B464E20B6C31281433B /* Pods-Project Doggystyle iOS.release.xcconfig */ = {isa = PBXFileReference; includeInIndex = 1; lastKnownFileType = text.xcconfig; name = "Pods-Project Doggystyle iOS.release.xcconfig"; path = "Target Support Files/Pods-Project Doggystyle iOS/Pods-Project Doggystyle iOS.release.xcconfig"; sourceTree = "<group>"; };
		CD203BF62667D3B900335D93 /* PDFViewController.swift */ = {isa = PBXFileReference; lastKnownFileType = sourcecode.swift; path = PDFViewController.swift; sourceTree = "<group>"; };
		CD203BF92667FA9F00335D93 /* DashboardViewController.swift */ = {isa = PBXFileReference; lastKnownFileType = sourcecode.swift; path = DashboardViewController.swift; sourceTree = "<group>"; };
		CD203BFB2667FAB300335D93 /* ServicesController.swift */ = {isa = PBXFileReference; lastKnownFileType = sourcecode.swift; path = ServicesController.swift; sourceTree = "<group>"; };
		CD203BFF2667FACC00335D93 /* ProfileViewController.swift */ = {isa = PBXFileReference; lastKnownFileType = sourcecode.swift; path = ProfileViewController.swift; sourceTree = "<group>"; };
		CD319F6A26790AD900F48E3C /* DeleteLaterViewController.swift */ = {isa = PBXFileReference; lastKnownFileType = sourcecode.swift; path = DeleteLaterViewController.swift; sourceTree = "<group>"; };
		CD319F6E267936AD00F48E3C /* Poppins-Bold.ttf */ = {isa = PBXFileReference; lastKnownFileType = file; path = "Poppins-Bold.ttf"; sourceTree = "<group>"; };
		CD319F6F267936AD00F48E3C /* Poppins-Regular.ttf */ = {isa = PBXFileReference; lastKnownFileType = file; path = "Poppins-Regular.ttf"; sourceTree = "<group>"; };
		CD319F70267936AD00F48E3C /* Poppins-SemiBold.ttf */ = {isa = PBXFileReference; lastKnownFileType = file; path = "Poppins-SemiBold.ttf"; sourceTree = "<group>"; };
		CD319F772679435900F48E3C /* DSNavButton.swift */ = {isa = PBXFileReference; lastKnownFileType = sourcecode.swift; path = DSNavButton.swift; sourceTree = "<group>"; };
		CD319F792679462500F48E3C /* LogoImageView.swift */ = {isa = PBXFileReference; lastKnownFileType = sourcecode.swift; path = LogoImageView.swift; sourceTree = "<group>"; };
		CD319F7C26794D5E00F48E3C /* DSBoldLabel.swift */ = {isa = PBXFileReference; lastKnownFileType = sourcecode.swift; path = DSBoldLabel.swift; sourceTree = "<group>"; };
		CD686881265412BB0064ADFE /* DSAlertViewController.swift */ = {isa = PBXFileReference; lastKnownFileType = sourcecode.swift; path = DSAlertViewController.swift; sourceTree = "<group>"; };
		CD6868832654373A0064ADFE /* UIButton+Ext.swift */ = {isa = PBXFileReference; lastKnownFileType = sourcecode.swift; path = "UIButton+Ext.swift"; sourceTree = "<group>"; };
		CD68688F2656EF920064ADFE /* LocationNotServicedViewController.swift */ = {isa = PBXFileReference; lastKnownFileType = sourcecode.swift; path = LocationNotServicedViewController.swift; sourceTree = "<group>"; };
		CD6868912656EFB20064ADFE /* RequestUserLocationViewController.swift */ = {isa = PBXFileReference; lastKnownFileType = sourcecode.swift; path = RequestUserLocationViewController.swift; sourceTree = "<group>"; };
		CD6DCFF1267A62D300BC376B /* Package.swift */ = {isa = PBXFileReference; lastKnownFileType = sourcecode.swift; path = Package.swift; sourceTree = "<group>"; };
		CD6DCFF3267A648400BC376B /* ServiceOfTheWeekView.swift */ = {isa = PBXFileReference; lastKnownFileType = sourcecode.swift; path = ServiceOfTheWeekView.swift; sourceTree = "<group>"; };
		CD6DCFF5267A820700BC376B /* Pet.swift */ = {isa = PBXFileReference; lastKnownFileType = sourcecode.swift; path = Pet.swift; sourceTree = "<group>"; };
		CD6DCFF7267A824A00BC376B /* Appointment.swift */ = {isa = PBXFileReference; lastKnownFileType = sourcecode.swift; path = Appointment.swift; sourceTree = "<group>"; };
		CD6DCFF9267A8D7400BC376B /* DSSemiBoldLabel.swift */ = {isa = PBXFileReference; lastKnownFileType = sourcecode.swift; path = DSSemiBoldLabel.swift; sourceTree = "<group>"; };
		CD6DCFFB267A8DD200BC376B /* DSRegularLabel.swift */ = {isa = PBXFileReference; lastKnownFileType = sourcecode.swift; path = DSRegularLabel.swift; sourceTree = "<group>"; };
		CD6DCFFE267ACAEE00BC376B /* PetCollectionViewCell.swift */ = {isa = PBXFileReference; lastKnownFileType = sourcecode.swift; path = PetCollectionViewCell.swift; sourceTree = "<group>"; };
		CD6DD000267AD81100BC376B /* AppointmentsViewController.swift */ = {isa = PBXFileReference; lastKnownFileType = sourcecode.swift; path = AppointmentsViewController.swift; sourceTree = "<group>"; };
		CD6DD004267B9DAF00BC376B /* DSContainerView.swift */ = {isa = PBXFileReference; lastKnownFileType = sourcecode.swift; path = DSContainerView.swift; sourceTree = "<group>"; };
		CD6DD007267FC0F500BC376B /* MyPetsController.swift */ = {isa = PBXFileReference; lastKnownFileType = sourcecode.swift; path = MyPetsController.swift; sourceTree = "<group>"; };
		CD6DD009267FC7A800BC376B /* PaymentController.swift */ = {isa = PBXFileReference; lastKnownFileType = sourcecode.swift; path = PaymentController.swift; sourceTree = "<group>"; };
		CD6DD00B267FC7DF00BC376B /* ContactUsController.swift */ = {isa = PBXFileReference; lastKnownFileType = sourcecode.swift; path = ContactUsController.swift; sourceTree = "<group>"; };
		CD6DD00D267FC86000BC376B /* RefurAFriendController.swift */ = {isa = PBXFileReference; lastKnownFileType = sourcecode.swift; path = RefurAFriendController.swift; sourceTree = "<group>"; };
		CD6DD00F267FDEED00BC376B /* NotificationController.swift */ = {isa = PBXFileReference; lastKnownFileType = sourcecode.swift; path = NotificationController.swift; sourceTree = "<group>"; };
		CD6DD0112680DDC900BC376B /* SlideOne.swift */ = {isa = PBXFileReference; fileEncoding = 4; lastKnownFileType = sourcecode.swift; path = SlideOne.swift; sourceTree = "<group>"; };
		CD6DD0122680DDC900BC376B /* SlideTwo.swift */ = {isa = PBXFileReference; fileEncoding = 4; lastKnownFileType = sourcecode.swift; path = SlideTwo.swift; sourceTree = "<group>"; };
		CD6DD0132680DDC900BC376B /* SlideThree.swift */ = {isa = PBXFileReference; fileEncoding = 4; lastKnownFileType = sourcecode.swift; path = SlideThree.swift; sourceTree = "<group>"; };
		CD6DD0172680DE2E00BC376B /* TutorialController.swift */ = {isa = PBXFileReference; fileEncoding = 4; lastKnownFileType = sourcecode.swift; path = TutorialController.swift; sourceTree = "<group>"; };
		CDCCD092265C2563007ABECF /* NotServicedNumberSubmittedViewController.swift */ = {isa = PBXFileReference; lastKnownFileType = sourcecode.swift; path = NotServicedNumberSubmittedViewController.swift; sourceTree = "<group>"; };
		CDCCD0AF265D4DB4007ABECF /* Constants.swift */ = {isa = PBXFileReference; lastKnownFileType = sourcecode.swift; path = Constants.swift; sourceTree = "<group>"; };
		CDCCD0B1265D7CC1007ABECF /* HowToEnableLocationView.swift */ = {isa = PBXFileReference; lastKnownFileType = sourcecode.swift; path = HowToEnableLocationView.swift; sourceTree = "<group>"; };
		CDCCD0B4265EB5DF007ABECF /* CreateDoggyProfileViewController.swift */ = {isa = PBXFileReference; lastKnownFileType = sourcecode.swift; path = CreateDoggyProfileViewController.swift; sourceTree = "<group>"; };
		CDCCD0B7265EB884007ABECF /* User.swift */ = {isa = PBXFileReference; lastKnownFileType = sourcecode.swift; path = User.swift; sourceTree = "<group>"; };
		CDE870DA2652E1610082551B /* Project Doggystyle iOS.app */ = {isa = PBXFileReference; explicitFileType = wrapper.application; includeInIndex = 0; path = "Project Doggystyle iOS.app"; sourceTree = BUILT_PRODUCTS_DIR; };
		CDE870DD2652E1610082551B /* AppDelegate.swift */ = {isa = PBXFileReference; lastKnownFileType = sourcecode.swift; path = AppDelegate.swift; sourceTree = "<group>"; };
		CDE870DF2652E1610082551B /* SceneDelegate.swift */ = {isa = PBXFileReference; lastKnownFileType = sourcecode.swift; path = SceneDelegate.swift; sourceTree = "<group>"; };
		CDE870E62652E1640082551B /* Assets.xcassets */ = {isa = PBXFileReference; lastKnownFileType = folder.assetcatalog; path = Assets.xcassets; sourceTree = "<group>"; };
		CDE870E92652E1640082551B /* Base */ = {isa = PBXFileReference; lastKnownFileType = file.storyboard; name = Base; path = Base.lproj/LaunchScreen.storyboard; sourceTree = "<group>"; };
		CDE870EB2652E1640082551B /* Info.plist */ = {isa = PBXFileReference; lastKnownFileType = text.plist.xml; path = Info.plist; sourceTree = "<group>"; };
		CDE870F32652E1FB0082551B /* ConcertOne-Regular.ttf */ = {isa = PBXFileReference; lastKnownFileType = file; path = "ConcertOne-Regular.ttf"; sourceTree = "<group>"; };
		CDE870F52652E2070082551B /* Roboto-LightItalic.ttf */ = {isa = PBXFileReference; lastKnownFileType = file; path = "Roboto-LightItalic.ttf"; sourceTree = "<group>"; };
		CDE870F62652E2070082551B /* Roboto-Light.ttf */ = {isa = PBXFileReference; lastKnownFileType = file; path = "Roboto-Light.ttf"; sourceTree = "<group>"; };
		CDE870F72652E2070082551B /* Roboto-Medium.ttf */ = {isa = PBXFileReference; lastKnownFileType = file; path = "Roboto-Medium.ttf"; sourceTree = "<group>"; };
		CDE870F82652E2070082551B /* Roboto-MediumItalic.ttf */ = {isa = PBXFileReference; lastKnownFileType = file; path = "Roboto-MediumItalic.ttf"; sourceTree = "<group>"; };
		CDE870F92652E2070082551B /* Roboto-Thin.ttf */ = {isa = PBXFileReference; lastKnownFileType = file; path = "Roboto-Thin.ttf"; sourceTree = "<group>"; };
		CDE870FA2652E2070082551B /* Roboto-BlackItalic.ttf */ = {isa = PBXFileReference; lastKnownFileType = file; path = "Roboto-BlackItalic.ttf"; sourceTree = "<group>"; };
		CDE870FB2652E2070082551B /* Roboto-Black.ttf */ = {isa = PBXFileReference; lastKnownFileType = file; path = "Roboto-Black.ttf"; sourceTree = "<group>"; };
		CDE870FC2652E2070082551B /* Roboto-BoldItalic.ttf */ = {isa = PBXFileReference; lastKnownFileType = file; path = "Roboto-BoldItalic.ttf"; sourceTree = "<group>"; };
		CDE870FD2652E2070082551B /* Roboto-Regular.ttf */ = {isa = PBXFileReference; lastKnownFileType = file; path = "Roboto-Regular.ttf"; sourceTree = "<group>"; };
		CDE870FE2652E2070082551B /* Roboto-ThinItalic.ttf */ = {isa = PBXFileReference; lastKnownFileType = file; path = "Roboto-ThinItalic.ttf"; sourceTree = "<group>"; };
		CDE870FF2652E2070082551B /* Roboto-Bold.ttf */ = {isa = PBXFileReference; lastKnownFileType = file; path = "Roboto-Bold.ttf"; sourceTree = "<group>"; };
		CDE871002652E2080082551B /* Roboto-Italic.ttf */ = {isa = PBXFileReference; lastKnownFileType = file; path = "Roboto-Italic.ttf"; sourceTree = "<group>"; };
		CDE871102652E2DC0082551B /* DividerView.swift */ = {isa = PBXFileReference; fileEncoding = 4; lastKnownFileType = sourcecode.swift; path = DividerView.swift; sourceTree = "<group>"; };
		CDE871132652E3030082551B /* TextField+Ext.swift */ = {isa = PBXFileReference; fileEncoding = 4; lastKnownFileType = sourcecode.swift; path = "TextField+Ext.swift"; sourceTree = "<group>"; };
		CDE871152652E3030082551B /* UIColor+Ext.swift */ = {isa = PBXFileReference; fileEncoding = 4; lastKnownFileType = sourcecode.swift; path = "UIColor+Ext.swift"; sourceTree = "<group>"; };
		CDE871162652E3030082551B /* Firebase+Ext.swift */ = {isa = PBXFileReference; fileEncoding = 4; lastKnownFileType = sourcecode.swift; path = "Firebase+Ext.swift"; sourceTree = "<group>"; };
		CDE871172652E3030082551B /* NetworkMonitor.swift */ = {isa = PBXFileReference; fileEncoding = 4; lastKnownFileType = sourcecode.swift; path = NetworkMonitor.swift; sourceTree = "<group>"; };
		CDE871192652E3030082551B /* UIViewController+Ext.swift */ = {isa = PBXFileReference; fileEncoding = 4; lastKnownFileType = sourcecode.swift; path = "UIViewController+Ext.swift"; sourceTree = "<group>"; };
		CDE8711A2652E3030082551B /* String + Ext.swift */ = {isa = PBXFileReference; fileEncoding = 4; lastKnownFileType = sourcecode.swift; path = "String + Ext.swift"; sourceTree = "<group>"; };
		CDE8711B2652E3030082551B /* UIFont+Ext.swift */ = {isa = PBXFileReference; fileEncoding = 4; lastKnownFileType = sourcecode.swift; path = "UIFont+Ext.swift"; sourceTree = "<group>"; };
		CDE871252652E31B0082551B /* fr */ = {isa = PBXFileReference; lastKnownFileType = text.plist.strings; name = fr; path = fr.lproj/LaunchScreen.strings; sourceTree = "<group>"; };
		CDE871262652E3290082551B /* es */ = {isa = PBXFileReference; lastKnownFileType = text.plist.strings; name = es; path = es.lproj/LaunchScreen.strings; sourceTree = "<group>"; };
		CDE871282652E3310082551B /* en */ = {isa = PBXFileReference; lastKnownFileType = text.plist.strings; name = en; path = en.lproj/Localizable.strings; sourceTree = "<group>"; };
		CDE8712A2652E3350082551B /* fr */ = {isa = PBXFileReference; lastKnownFileType = text.plist.strings; name = fr; path = fr.lproj/Localizable.strings; sourceTree = "<group>"; };
		CDE8712B2652E3360082551B /* es */ = {isa = PBXFileReference; lastKnownFileType = text.plist.strings; name = es; path = es.lproj/Localizable.strings; sourceTree = "<group>"; };
		CDE8714E2652E66A0082551B /* DecisionController.swift */ = {isa = PBXFileReference; fileEncoding = 4; lastKnownFileType = sourcecode.swift; path = DecisionController.swift; sourceTree = "<group>"; };
		CDE8714F2652E66A0082551B /* HomeViewController.swift */ = {isa = PBXFileReference; fileEncoding = 4; lastKnownFileType = sourcecode.swift; path = HomeViewController.swift; sourceTree = "<group>"; };
		CDE871532652E6850082551B /* EmailSignInViewController.swift */ = {isa = PBXFileReference; fileEncoding = 4; lastKnownFileType = sourcecode.swift; path = EmailSignInViewController.swift; sourceTree = "<group>"; };
		CDE871542652E6850082551B /* EmailSignUpViewController.swift */ = {isa = PBXFileReference; fileEncoding = 4; lastKnownFileType = sourcecode.swift; path = EmailSignUpViewController.swift; sourceTree = "<group>"; };
		CDE871552652E6850082551B /* SignInViewController.swift */ = {isa = PBXFileReference; fileEncoding = 4; lastKnownFileType = sourcecode.swift; path = SignInViewController.swift; sourceTree = "<group>"; };
		CDE871562652E6850082551B /* ReferralCodeViewController.swift */ = {isa = PBXFileReference; fileEncoding = 4; lastKnownFileType = sourcecode.swift; path = ReferralCodeViewController.swift; sourceTree = "<group>"; };
		CDE871572652E6850082551B /* SignUpViewController.swift */ = {isa = PBXFileReference; fileEncoding = 4; lastKnownFileType = sourcecode.swift; path = SignUpViewController.swift; sourceTree = "<group>"; };
		CDE8715E2652E69B0082551B /* SuccessfulPasswordResetViewController.swift */ = {isa = PBXFileReference; fileEncoding = 4; lastKnownFileType = sourcecode.swift; path = SuccessfulPasswordResetViewController.swift; sourceTree = "<group>"; };
		CDE8715F2652E69B0082551B /* ResetPasswordViewController.swift */ = {isa = PBXFileReference; fileEncoding = 4; lastKnownFileType = sourcecode.swift; path = ResetPasswordViewController.swift; sourceTree = "<group>"; };
		CDE871602652E69B0082551B /* InstructionsViewController.swift */ = {isa = PBXFileReference; fileEncoding = 4; lastKnownFileType = sourcecode.swift; path = InstructionsViewController.swift; sourceTree = "<group>"; };
		CDE871642652E6E60082551B /* DSButton.swift */ = {isa = PBXFileReference; fileEncoding = 4; lastKnownFileType = sourcecode.swift; path = DSButton.swift; sourceTree = "<group>"; };
		CDE871672652EA3B0082551B /* .gitignore */ = {isa = PBXFileReference; fileEncoding = 4; lastKnownFileType = text; path = .gitignore; sourceTree = "<group>"; };
		CDE871722652F3A50082551B /* GoogleService-Info.plist */ = {isa = PBXFileReference; lastKnownFileType = text.plist.xml; path = "GoogleService-Info.plist"; sourceTree = "<group>"; };
		CDE871732652F3C70082551B /* GoogleService-Info.plist */ = {isa = PBXFileReference; lastKnownFileType = text.plist.xml; path = "GoogleService-Info.plist"; sourceTree = "<group>"; };
/* End PBXFileReference section */

/* Begin PBXFrameworksBuildPhase section */
		CDE870D72652E1610082551B /* Frameworks */ = {
			isa = PBXFrameworksBuildPhase;
			buildActionMask = 2147483647;
			files = (
				CDE8713E2652E4FE0082551B /* FirebaseAppCheck in Frameworks */,
				CDE871422652E4FE0082551B /* FirebaseAuth in Frameworks */,
				CDE871362652E4FE0082551B /* FirebaseMessaging in Frameworks */,
				CDE8714A2652E4FE0082551B /* FirebaseCrashlytics in Frameworks */,
				CDE871342652E4FE0082551B /* FirebaseInstallations in Frameworks */,
				CDE8717D26531B040082551B /* SDWebImage in Frameworks */,
				CDE8717F26531B040082551B /* SDWebImageMapKit in Frameworks */,
				CDE871382652E4FE0082551B /* FirebaseInAppMessagingSwift-Beta in Frameworks */,
				CDE87177265311150082551B /* Lottie in Frameworks */,
				CDE8712E2652E3E70082551B /* TinyConstraints in Frameworks */,
				CDE871462652E4FE0082551B /* FirebaseDatabase in Frameworks */,
				CDE8717A2653118B0082551B /* Alamofire in Frameworks */,
				CDE8713C2652E4FE0082551B /* FirebaseStorage in Frameworks */,
				CDE8714C2652E4FE0082551B /* FirebaseRemoteConfig in Frameworks */,
				CDE871312652E4390082551B /* PhoneNumberKit in Frameworks */,
				CDE871482652E4FE0082551B /* FirebaseFunctions in Frameworks */,
				CDE8713A2652E4FE0082551B /* FirebaseDynamicLinks in Frameworks */,
				CDE871442652E4FE0082551B /* FirebaseFirestore in Frameworks */,
				CDE871402652E4FE0082551B /* FirebaseAnalytics in Frameworks */,
				B9C4113B2E4DED8ACF4B9F44 /* Pods_Project_Doggystyle_iOS.framework in Frameworks */,
			);
			runOnlyForDeploymentPostprocessing = 0;
		};
/* End PBXFrameworksBuildPhase section */

/* Begin PBXGroup section */
		20A54C8183A449B6F6AA5416 /* Pods */ = {
			isa = PBXGroup;
			children = (
				009E7669434EEDF1549DCECF /* Pods-Project Doggystyle iOS.debug.xcconfig */,
				AB384B464E20B6C31281433B /* Pods-Project Doggystyle iOS.release.xcconfig */,
			);
			path = Pods;
			sourceTree = "<group>";
		};
		CD203BF82667FA7700335D93 /* Tab Bar */ = {
			isa = PBXGroup;
			children = (
				CD203BF92667FA9F00335D93 /* DashboardViewController.swift */,
				CD203BFB2667FAB300335D93 /* ServicesController.swift */,
				CD6DD000267AD81100BC376B /* AppointmentsViewController.swift */,
				CD203BFF2667FACC00335D93 /* ProfileViewController.swift */,
			);
			path = "Tab Bar";
			sourceTree = "<group>";
		};
		CD319F6C2679364400F48E3C /* Roboto */ = {
			isa = PBXGroup;
			children = (
				CDE870FB2652E2070082551B /* Roboto-Black.ttf */,
				CDE870FA2652E2070082551B /* Roboto-BlackItalic.ttf */,
				CDE870FF2652E2070082551B /* Roboto-Bold.ttf */,
				CDE870FC2652E2070082551B /* Roboto-BoldItalic.ttf */,
				CDE871002652E2080082551B /* Roboto-Italic.ttf */,
				CDE870F62652E2070082551B /* Roboto-Light.ttf */,
				CDE870F52652E2070082551B /* Roboto-LightItalic.ttf */,
				CDE870F72652E2070082551B /* Roboto-Medium.ttf */,
				CDE870F82652E2070082551B /* Roboto-MediumItalic.ttf */,
				CDE870FD2652E2070082551B /* Roboto-Regular.ttf */,
				CDE870F92652E2070082551B /* Roboto-Thin.ttf */,
				CDE870FE2652E2070082551B /* Roboto-ThinItalic.ttf */,
			);
			path = Roboto;
			sourceTree = "<group>";
		};
		CD319F6D2679365900F48E3C /* Concert One */ = {
			isa = PBXGroup;
			children = (
				CDE870F32652E1FB0082551B /* ConcertOne-Regular.ttf */,
			);
			path = "Concert One";
			sourceTree = "<group>";
		};
		CD319F74267936F200F48E3C /* Poppins */ = {
			isa = PBXGroup;
			children = (
				CD319F6E267936AD00F48E3C /* Poppins-Bold.ttf */,
				CD319F6F267936AD00F48E3C /* Poppins-Regular.ttf */,
				CD319F70267936AD00F48E3C /* Poppins-SemiBold.ttf */,
			);
			path = Poppins;
			sourceTree = "<group>";
		};
		CD319F7B26794D4D00F48E3C /* Labels */ = {
			isa = PBXGroup;
			children = (
				CD319F7C26794D5E00F48E3C /* DSBoldLabel.swift */,
				CD6DCFF9267A8D7400BC376B /* DSSemiBoldLabel.swift */,
				CD6DCFFB267A8DD200BC376B /* DSRegularLabel.swift */,
			);
			path = Labels;
			sourceTree = "<group>";
		};
		CD686880265412A20064ADFE /* Alerts */ = {
			isa = PBXGroup;
			children = (
				CD686881265412BB0064ADFE /* DSAlertViewController.swift */,
			);
			path = Alerts;
			sourceTree = "<group>";
		};
		CD68688E2656EEEF0064ADFE /* Location */ = {
			isa = PBXGroup;
			children = (
				CD68688F2656EF920064ADFE /* LocationNotServicedViewController.swift */,
				CD6868912656EFB20064ADFE /* RequestUserLocationViewController.swift */,
				CDCCD092265C2563007ABECF /* NotServicedNumberSubmittedViewController.swift */,
			);
			path = Location;
			sourceTree = "<group>";
		};
		CD6DCFFD267ACAC500BC376B /* Cells */ = {
			isa = PBXGroup;
			children = (
				CD6DCFFE267ACAEE00BC376B /* PetCollectionViewCell.swift */,
			);
			path = Cells;
			sourceTree = "<group>";
		};
		CD6DD006267FC0BE00BC376B /* Profile */ = {
			isa = PBXGroup;
			children = (
				CD6DD007267FC0F500BC376B /* MyPetsController.swift */,
				CD6DD009267FC7A800BC376B /* PaymentController.swift */,
				CD6DD00B267FC7DF00BC376B /* ContactUsController.swift */,
				CD6DD00D267FC86000BC376B /* RefurAFriendController.swift */,
			);
			path = Profile;
			sourceTree = "<group>";
		};
		CDCCD0B3265EB5C5007ABECF /* Dashboard */ = {
			isa = PBXGroup;
			children = (
				CDCCD0B4265EB5DF007ABECF /* CreateDoggyProfileViewController.swift */,
				CD6DD00F267FDEED00BC376B /* NotificationController.swift */,
			);
			path = Dashboard;
			sourceTree = "<group>";
		};
		CDCCD0B6265EB869007ABECF /* Models */ = {
			isa = PBXGroup;
			children = (
				CDCCD0B7265EB884007ABECF /* User.swift */,
				CD6DCFF1267A62D300BC376B /* Package.swift */,
				CD6DCFF5267A820700BC376B /* Pet.swift */,
				CD6DCFF7267A824A00BC376B /* Appointment.swift */,
			);
			path = Models;
			sourceTree = "<group>";
		};
		CDE870D12652E1610082551B = {
			isa = PBXGroup;
			children = (
				CDE870DC2652E1610082551B /* Project Doggystyle iOS */,
				CDE870DB2652E1610082551B /* Products */,
				20A54C8183A449B6F6AA5416 /* Pods */,
				EECADAD9F04ADDAD68B817E2 /* Frameworks */,
			);
			sourceTree = "<group>";
		};
		CDE870DB2652E1610082551B /* Products */ = {
			isa = PBXGroup;
			children = (
				CDE870DA2652E1610082551B /* Project Doggystyle iOS.app */,
			);
			name = Products;
			sourceTree = "<group>";
		};
		CDE870DC2652E1610082551B /* Project Doggystyle iOS */ = {
			isa = PBXGroup;
			children = (
				CDCCD0B6265EB869007ABECF /* Models */,
				CDE871692652ED930082551B /* Firebase */,
				CDE870EB2652E1640082551B /* Info.plist */,
				CDE871662652EA100082551B /* Git */,
				CDE870F22652E1E30082551B /* Admin */,
				CDE870E62652E1640082551B /* Assets.xcassets */,
				CDE870F12652E1DA0082551B /* Fonts */,
				CDE871122652E2EE0082551B /* Helpers */,
				CDE8714D2652E65A0082551B /* View Controllers */,
				CDE8710D2652E2B20082551B /* Views */,
			);
			path = "Project Doggystyle iOS";
			sourceTree = "<group>";
		};
		CDE870F12652E1DA0082551B /* Fonts */ = {
			isa = PBXGroup;
			children = (
				CD319F74267936F200F48E3C /* Poppins */,
				CD319F6D2679365900F48E3C /* Concert One */,
				CD319F6C2679364400F48E3C /* Roboto */,
			);
			path = Fonts;
			sourceTree = "<group>";
		};
		CDE870F22652E1E30082551B /* Admin */ = {
			isa = PBXGroup;
			children = (
				CDE870E82652E1640082551B /* LaunchScreen.storyboard */,
				CDE870DD2652E1610082551B /* AppDelegate.swift */,
				CDE870DF2652E1610082551B /* SceneDelegate.swift */,
			);
			path = Admin;
			sourceTree = "<group>";
		};
		CDE8710D2652E2B20082551B /* Views */ = {
			isa = PBXGroup;
			children = (
				CD6DCFFD267ACAC500BC376B /* Cells */,
				CD319F7B26794D4D00F48E3C /* Labels */,
				CDE8710F2652E2C50082551B /* UIButtons */,
				CDE8710E2652E2BA0082551B /* UIViews */,
			);
			path = Views;
			sourceTree = "<group>";
		};
		CDE8710E2652E2BA0082551B /* UIViews */ = {
			isa = PBXGroup;
			children = (
				CDE871102652E2DC0082551B /* DividerView.swift */,
				CDCCD0B1265D7CC1007ABECF /* HowToEnableLocationView.swift */,
				CD319F792679462500F48E3C /* LogoImageView.swift */,
				CD6DCFF3267A648400BC376B /* ServiceOfTheWeekView.swift */,
				CD6DD004267B9DAF00BC376B /* DSContainerView.swift */,
			);
			path = UIViews;
			sourceTree = "<group>";
		};
		CDE8710F2652E2C50082551B /* UIButtons */ = {
			isa = PBXGroup;
			children = (
				CDE871642652E6E60082551B /* DSButton.swift */,
				CD319F772679435900F48E3C /* DSNavButton.swift */,
			);
			path = UIButtons;
			sourceTree = "<group>";
		};
		CDE871122652E2EE0082551B /* Helpers */ = {
			isa = PBXGroup;
			children = (
				CDE871162652E3030082551B /* Firebase+Ext.swift */,
				CDE871292652E3310082551B /* Localizable.strings */,
				CDE871172652E3030082551B /* NetworkMonitor.swift */,
				CDE8711A2652E3030082551B /* String + Ext.swift */,
				CDE871132652E3030082551B /* TextField+Ext.swift */,
				CDE871152652E3030082551B /* UIColor+Ext.swift */,
				CDE8711B2652E3030082551B /* UIFont+Ext.swift */,
				CDE871192652E3030082551B /* UIViewController+Ext.swift */,
				CD6868832654373A0064ADFE /* UIButton+Ext.swift */,
				CDCCD0AF265D4DB4007ABECF /* Constants.swift */,
				CD319F6A26790AD900F48E3C /* DeleteLaterViewController.swift */,
			);
			path = Helpers;
			sourceTree = "<group>";
		};
		CDE8714D2652E65A0082551B /* View Controllers */ = {
			isa = PBXGroup;
			children = (
				CD6DD006267FC0BE00BC376B /* Profile */,
				CD203BF82667FA7700335D93 /* Tab Bar */,
				CDCCD0B3265EB5C5007ABECF /* Dashboard */,
				CD68688E2656EEEF0064ADFE /* Location */,
				CD686880265412A20064ADFE /* Alerts */,
				CDE8715D2652E68D0082551B /* Resetting Password */,
				CDE871522652E66F0082551B /* Sign Up + Sign In */,
				CDE8714E2652E66A0082551B /* DecisionController.swift */,
				CDE8714F2652E66A0082551B /* HomeViewController.swift */,
				CD203BF62667D3B900335D93 /* PDFViewController.swift */,
			);
			path = "View Controllers";
			sourceTree = "<group>";
		};
		CDE871522652E66F0082551B /* Sign Up + Sign In */ = {
			isa = PBXGroup;
			children = (
				CDE871562652E6850082551B /* ReferralCodeViewController.swift */,
				CDE871532652E6850082551B /* EmailSignInViewController.swift */,
				CDE871542652E6850082551B /* EmailSignUpViewController.swift */,
				CD6DD0172680DE2E00BC376B /* TutorialController.swift */,
				CD6DD0112680DDC900BC376B /* SlideOne.swift */,
				CD6DD0132680DDC900BC376B /* SlideThree.swift */,
				CD6DD0122680DDC900BC376B /* SlideTwo.swift */,
				CDE871552652E6850082551B /* SignInViewController.swift */,
				CDE871572652E6850082551B /* SignUpViewController.swift */,
			);
			path = "Sign Up + Sign In";
			sourceTree = "<group>";
		};
		CDE8715D2652E68D0082551B /* Resetting Password */ = {
			isa = PBXGroup;
			children = (
				CDE871602652E69B0082551B /* InstructionsViewController.swift */,
				CDE8715F2652E69B0082551B /* ResetPasswordViewController.swift */,
				CDE8715E2652E69B0082551B /* SuccessfulPasswordResetViewController.swift */,
			);
			path = "Resetting Password";
			sourceTree = "<group>";
		};
		CDE871662652EA100082551B /* Git */ = {
			isa = PBXGroup;
			children = (
				CDE871672652EA3B0082551B /* .gitignore */,
			);
			path = Git;
			sourceTree = "<group>";
		};
		CDE871692652ED930082551B /* Firebase */ = {
			isa = PBXGroup;
			children = (
				CDE8716B2652EDA30082551B /* Dev */,
				CDE8716A2652ED9A0082551B /* Prod */,
			);
			path = Firebase;
			sourceTree = "<group>";
		};
		CDE8716A2652ED9A0082551B /* Prod */ = {
			isa = PBXGroup;
			children = (
				CDE871732652F3C70082551B /* GoogleService-Info.plist */,
			);
			path = Prod;
			sourceTree = "<group>";
		};
		CDE8716B2652EDA30082551B /* Dev */ = {
			isa = PBXGroup;
			children = (
				CDE871722652F3A50082551B /* GoogleService-Info.plist */,
			);
			path = Dev;
			sourceTree = "<group>";
		};
		EECADAD9F04ADDAD68B817E2 /* Frameworks */ = {
			isa = PBXGroup;
			children = (
				41D14D6AC9CE858765BD6462 /* Pods_Project_Doggystyle_iOS.framework */,
			);
			name = Frameworks;
			sourceTree = "<group>";
		};
/* End PBXGroup section */

/* Begin PBXNativeTarget section */
		CDE870D92652E1610082551B /* Project Doggystyle iOS */ = {
			isa = PBXNativeTarget;
			buildConfigurationList = CDE870EE2652E1640082551B /* Build configuration list for PBXNativeTarget "Project Doggystyle iOS" */;
			buildPhases = (
				580FD19CF29B4F55B60F7065 /* [CP] Check Pods Manifest.lock */,
				CDE870D62652E1610082551B /* Sources */,
				CDE870D72652E1610082551B /* Frameworks */,
				CDE870D82652E1610082551B /* Resources */,
				4CA8D182E228673FEBF4783D /* [CP] Embed Pods Frameworks */,
				C6352A70B716BFD881A4CB59 /* [CP] Copy Pods Resources */,
				CDE871742652F48A0082551B /* Setup Firebase Environment GoogleService-info.plist */,
			);
			buildRules = (
			);
			dependencies = (
			);
			name = "Project Doggystyle iOS";
			packageProductDependencies = (
				CDE8712D2652E3E70082551B /* TinyConstraints */,
				CDE871302652E4390082551B /* PhoneNumberKit */,
				CDE871332652E4FE0082551B /* FirebaseInstallations */,
				CDE871352652E4FE0082551B /* FirebaseMessaging */,
				CDE871372652E4FE0082551B /* FirebaseInAppMessagingSwift-Beta */,
				CDE871392652E4FE0082551B /* FirebaseDynamicLinks */,
				CDE8713B2652E4FE0082551B /* FirebaseStorage */,
				CDE8713D2652E4FE0082551B /* FirebaseAppCheck */,
				CDE8713F2652E4FE0082551B /* FirebaseAnalytics */,
				CDE871412652E4FE0082551B /* FirebaseAuth */,
				CDE871432652E4FE0082551B /* FirebaseFirestore */,
				CDE871452652E4FE0082551B /* FirebaseDatabase */,
				CDE871472652E4FE0082551B /* FirebaseFunctions */,
				CDE871492652E4FE0082551B /* FirebaseCrashlytics */,
				CDE8714B2652E4FE0082551B /* FirebaseRemoteConfig */,
				CDE87176265311150082551B /* Lottie */,
				CDE871792653118B0082551B /* Alamofire */,
				CDE8717C26531B040082551B /* SDWebImage */,
				CDE8717E26531B040082551B /* SDWebImageMapKit */,
			);
			productName = "Project Doggystyle iOS";
			productReference = CDE870DA2652E1610082551B /* Project Doggystyle iOS.app */;
			productType = "com.apple.product-type.application";
		};
/* End PBXNativeTarget section */

/* Begin PBXProject section */
		CDE870D22652E1610082551B /* Project object */ = {
			isa = PBXProject;
			attributes = {
				LastSwiftUpdateCheck = 1250;
				LastUpgradeCheck = 1250;
				TargetAttributes = {
					CDE870D92652E1610082551B = {
						CreatedOnToolsVersion = 12.5;
					};
				};
			};
			buildConfigurationList = CDE870D52652E1610082551B /* Build configuration list for PBXProject "Project Doggystyle iOS" */;
			compatibilityVersion = "Xcode 9.3";
			developmentRegion = en;
			hasScannedForEncodings = 0;
			knownRegions = (
				en,
				Base,
				fr,
				es,
			);
			mainGroup = CDE870D12652E1610082551B;
			packageReferences = (
				CDE8712C2652E3E70082551B /* XCRemoteSwiftPackageReference "TinyConstraints" */,
				CDE8712F2652E4390082551B /* XCRemoteSwiftPackageReference "PhoneNumberKit" */,
				CDE871322652E4FE0082551B /* XCRemoteSwiftPackageReference "firebase-ios-sdk" */,
				CDE87175265311150082551B /* XCRemoteSwiftPackageReference "lottie-ios" */,
				CDE871782653118B0082551B /* XCRemoteSwiftPackageReference "Alamofire" */,
				CDE8717B26531B030082551B /* XCRemoteSwiftPackageReference "SDWebImage" */,
			);
			productRefGroup = CDE870DB2652E1610082551B /* Products */;
			projectDirPath = "";
			projectRoot = "";
			targets = (
				CDE870D92652E1610082551B /* Project Doggystyle iOS */,
			);
		};
/* End PBXProject section */

/* Begin PBXResourcesBuildPhase section */
		CDE870D82652E1610082551B /* Resources */ = {
			isa = PBXResourcesBuildPhase;
			buildActionMask = 2147483647;
			files = (
				CDE870EA2652E1640082551B /* LaunchScreen.storyboard in Resources */,
				CD319F71267936AD00F48E3C /* Poppins-Bold.ttf in Resources */,
				CDE870F42652E1FB0082551B /* ConcertOne-Regular.ttf in Resources */,
				CDE8710B2652E2080082551B /* Roboto-Bold.ttf in Resources */,
				CDE871022652E2080082551B /* Roboto-Light.ttf in Resources */,
				CD319F73267936AD00F48E3C /* Poppins-SemiBold.ttf in Resources */,
				CDE871682652EA3B0082551B /* .gitignore in Resources */,
				CDE871032652E2080082551B /* Roboto-Medium.ttf in Resources */,
				CDE8710C2652E2080082551B /* Roboto-Italic.ttf in Resources */,
				CDE871042652E2080082551B /* Roboto-MediumItalic.ttf in Resources */,
				CDE871072652E2080082551B /* Roboto-Black.ttf in Resources */,
				CDE871082652E2080082551B /* Roboto-BoldItalic.ttf in Resources */,
				CDE871012652E2080082551B /* Roboto-LightItalic.ttf in Resources */,
				CDE870E72652E1640082551B /* Assets.xcassets in Resources */,
				CDE871062652E2080082551B /* Roboto-BlackItalic.ttf in Resources */,
				CDE8710A2652E2080082551B /* Roboto-ThinItalic.ttf in Resources */,
				CDE871272652E3310082551B /* Localizable.strings in Resources */,
				CDE871092652E2080082551B /* Roboto-Regular.ttf in Resources */,
				CD319F72267936AD00F48E3C /* Poppins-Regular.ttf in Resources */,
				CDE871052652E2080082551B /* Roboto-Thin.ttf in Resources */,
			);
			runOnlyForDeploymentPostprocessing = 0;
		};
/* End PBXResourcesBuildPhase section */

/* Begin PBXShellScriptBuildPhase section */
		4CA8D182E228673FEBF4783D /* [CP] Embed Pods Frameworks */ = {
			isa = PBXShellScriptBuildPhase;
			buildActionMask = 2147483647;
			files = (
			);
			inputFileListPaths = (
				"${PODS_ROOT}/Target Support Files/Pods-Project Doggystyle iOS/Pods-Project Doggystyle iOS-frameworks-${CONFIGURATION}-input-files.xcfilelist",
			);
			name = "[CP] Embed Pods Frameworks";
			outputFileListPaths = (
				"${PODS_ROOT}/Target Support Files/Pods-Project Doggystyle iOS/Pods-Project Doggystyle iOS-frameworks-${CONFIGURATION}-output-files.xcfilelist",
			);
			runOnlyForDeploymentPostprocessing = 0;
			shellPath = /bin/sh;
			shellScript = "\"${PODS_ROOT}/Target Support Files/Pods-Project Doggystyle iOS/Pods-Project Doggystyle iOS-frameworks.sh\"\n";
			showEnvVarsInLog = 0;
		};
		580FD19CF29B4F55B60F7065 /* [CP] Check Pods Manifest.lock */ = {
			isa = PBXShellScriptBuildPhase;
			buildActionMask = 2147483647;
			files = (
			);
			inputFileListPaths = (
			);
			inputPaths = (
				"${PODS_PODFILE_DIR_PATH}/Podfile.lock",
				"${PODS_ROOT}/Manifest.lock",
			);
			name = "[CP] Check Pods Manifest.lock";
			outputFileListPaths = (
			);
			outputPaths = (
				"$(DERIVED_FILE_DIR)/Pods-Project Doggystyle iOS-checkManifestLockResult.txt",
			);
			runOnlyForDeploymentPostprocessing = 0;
			shellPath = /bin/sh;
			shellScript = "diff \"${PODS_PODFILE_DIR_PATH}/Podfile.lock\" \"${PODS_ROOT}/Manifest.lock\" > /dev/null\nif [ $? != 0 ] ; then\n    # print error to STDERR\n    echo \"error: The sandbox is not in sync with the Podfile.lock. Run 'pod install' or update your CocoaPods installation.\" >&2\n    exit 1\nfi\n# This output is used by Xcode 'outputs' to avoid re-running this script phase.\necho \"SUCCESS\" > \"${SCRIPT_OUTPUT_FILE_0}\"\n";
			showEnvVarsInLog = 0;
		};
		C6352A70B716BFD881A4CB59 /* [CP] Copy Pods Resources */ = {
			isa = PBXShellScriptBuildPhase;
			buildActionMask = 2147483647;
			files = (
			);
			inputFileListPaths = (
				"${PODS_ROOT}/Target Support Files/Pods-Project Doggystyle iOS/Pods-Project Doggystyle iOS-resources-${CONFIGURATION}-input-files.xcfilelist",
			);
			name = "[CP] Copy Pods Resources";
			outputFileListPaths = (
				"${PODS_ROOT}/Target Support Files/Pods-Project Doggystyle iOS/Pods-Project Doggystyle iOS-resources-${CONFIGURATION}-output-files.xcfilelist",
			);
			runOnlyForDeploymentPostprocessing = 0;
			shellPath = /bin/sh;
			shellScript = "\"${PODS_ROOT}/Target Support Files/Pods-Project Doggystyle iOS/Pods-Project Doggystyle iOS-resources.sh\"\n";
			showEnvVarsInLog = 0;
		};
		CDE871742652F48A0082551B /* Setup Firebase Environment GoogleService-info.plist */ = {
			isa = PBXShellScriptBuildPhase;
			buildActionMask = 2147483647;
			files = (
			);
			inputFileListPaths = (
			);
			inputPaths = (
			);
			name = "Setup Firebase Environment GoogleService-info.plist";
			outputFileListPaths = (
			);
			outputPaths = (
			);
			runOnlyForDeploymentPostprocessing = 0;
			shellPath = /bin/sh;
			shellScript = "# Name of the resource we're selectively copying\nGOOGLESERVICE_INFO_PLIST=GoogleService-Info.plist\n# Get references to dev and prod versions of the GoogleService-Info.plist\n# NOTE: These should only live on the file system and should NOT be part of the target (since we'll be adding them to the target manually)\nGOOGLESERVICE_INFO_DEV=${PROJECT_DIR}/${TARGET_NAME}/Firebase/Dev/${GOOGLESERVICE_INFO_PLIST}\nGOOGLESERVICE_INFO_PROD=${PROJECT_DIR}/${TARGET_NAME}/Firebase/Prod/${GOOGLESERVICE_INFO_PLIST}\n# Make sure the dev version of GoogleService-Info.plist exists\necho \"Looking for ${GOOGLESERVICE_INFO_PLIST} in ${GOOGLESERVICE_INFO_DEV}\"\nif [ ! -f $GOOGLESERVICE_INFO_DEV ]\nthen\necho \"No Development GoogleService-Info.plist found. Please ensure it's in the proper directory.\"\nexit 1\nfi\n# Make sure the prod version of GoogleService-Info.plist exists\necho \"Looking for ${GOOGLESERVICE_INFO_PLIST} in ${GOOGLESERVICE_INFO_PROD}\"\nif [ ! -f $GOOGLESERVICE_INFO_PROD ]\nthen\necho \"No Production GoogleService-Info.plist found. Please ensure it's in the proper directory.\"\nexit 1\nfi\n# Get a reference to the destination location for the GoogleService-Info.plist\nPLIST_DESTINATION=${BUILT_PRODUCTS_DIR}/${PRODUCT_NAME}.app\necho \"Will copy ${GOOGLESERVICE_INFO_PLIST} to final destination: ${PLIST_DESTINATION}\"\n# Copy over the prod GoogleService-Info.plist for Release builds\nif [ \"${CONFIGURATION}\" == \"Release\" ]\nthen\necho \"Using ${GOOGLESERVICE_INFO_PROD}\"\ncp \"${GOOGLESERVICE_INFO_PROD}\" \"${PLIST_DESTINATION}\"\nelse\necho \"Using ${GOOGLESERVICE_INFO_DEV}\"\ncp \"${GOOGLESERVICE_INFO_DEV}\" \"${PLIST_DESTINATION}\"\nfi\n";
		};
/* End PBXShellScriptBuildPhase section */

/* Begin PBXSourcesBuildPhase section */
		CDE870D62652E1610082551B /* Sources */ = {
			isa = PBXSourcesBuildPhase;
			buildActionMask = 2147483647;
			files = (
				CDE871242652E3030082551B /* UIFont+Ext.swift in Sources */,
				CD6DCFFF267ACAEE00BC376B /* PetCollectionViewCell.swift in Sources */,
				CDE8715B2652E6850082551B /* ReferralCodeViewController.swift in Sources */,
				CDE8711E2652E3030082551B /* UIColor+Ext.swift in Sources */,
				CDE871222652E3030082551B /* UIViewController+Ext.swift in Sources */,
				CDCCD0B2265D7CC1007ABECF /* HowToEnableLocationView.swift in Sources */,
				CDE8711F2652E3030082551B /* Firebase+Ext.swift in Sources */,
				CDE871592652E6850082551B /* EmailSignUpViewController.swift in Sources */,
				CD203BF72667D3B900335D93 /* PDFViewController.swift in Sources */,
				CDE8715C2652E6850082551B /* SignUpViewController.swift in Sources */,
				CDCCD0B8265EB884007ABECF /* User.swift in Sources */,
				CD6DD0182680DE2E00BC376B /* TutorialController.swift in Sources */,
				CD6DD0142680DDC900BC376B /* SlideOne.swift in Sources */,
				CD6DD00E267FC86000BC376B /* RefurAFriendController.swift in Sources */,
				CD6DCFFC267A8DD200BC376B /* DSRegularLabel.swift in Sources */,
				CDE871622652E69B0082551B /* ResetPasswordViewController.swift in Sources */,
				CDE871652652E6E60082551B /* DSButton.swift in Sources */,
				CDE871232652E3030082551B /* String + Ext.swift in Sources */,
				CD6DCFFA267A8D7400BC376B /* DSSemiBoldLabel.swift in Sources */,
				CDCCD093265C2563007ABECF /* NotServicedNumberSubmittedViewController.swift in Sources */,
				CD319F782679435900F48E3C /* DSNavButton.swift in Sources */,
				CDCCD0B5265EB5DF007ABECF /* CreateDoggyProfileViewController.swift in Sources */,
				CD6DCFF2267A62D300BC376B /* Package.swift in Sources */,
				CD6DD0162680DDC900BC376B /* SlideThree.swift in Sources */,
				CD319F6B26790AD900F48E3C /* DeleteLaterViewController.swift in Sources */,
				CD6DD010267FDEED00BC376B /* NotificationController.swift in Sources */,
				CD6DD005267B9DAF00BC376B /* DSContainerView.swift in Sources */,
				CDE870DE2652E1610082551B /* AppDelegate.swift in Sources */,
				CD6868842654373A0064ADFE /* UIButton+Ext.swift in Sources */,
				CD6DCFF6267A820700BC376B /* Pet.swift in Sources */,
				CDE8711C2652E3030082551B /* TextField+Ext.swift in Sources */,
				CD6DD001267AD81100BC376B /* AppointmentsViewController.swift in Sources */,
				CD6868902656EF920064ADFE /* LocationNotServicedViewController.swift in Sources */,
				CD6DD00C267FC7DF00BC376B /* ContactUsController.swift in Sources */,
				CDE871632652E69B0082551B /* InstructionsViewController.swift in Sources */,
				CD6868922656EFB20064ADFE /* RequestUserLocationViewController.swift in Sources */,
				CDE871112652E2DC0082551B /* DividerView.swift in Sources */,
				CDE871502652E66A0082551B /* DecisionController.swift in Sources */,
				CD203C002667FACC00335D93 /* ProfileViewController.swift in Sources */,
				CD686882265412BB0064ADFE /* DSAlertViewController.swift in Sources */,
				CDE871202652E3030082551B /* NetworkMonitor.swift in Sources */,
				CD6DCFF8267A824A00BC376B /* Appointment.swift in Sources */,
				CD6DD0152680DDC900BC376B /* SlideTwo.swift in Sources */,
				CDE871612652E69B0082551B /* SuccessfulPasswordResetViewController.swift in Sources */,
				CD319F7D26794D5E00F48E3C /* DSBoldLabel.swift in Sources */,
				CDE8715A2652E6850082551B /* SignInViewController.swift in Sources */,
				CD6DD008267FC0F500BC376B /* MyPetsController.swift in Sources */,
				CDE871582652E6850082551B /* EmailSignInViewController.swift in Sources */,
				CDE871512652E66A0082551B /* HomeViewController.swift in Sources */,
				CD203BFC2667FAB300335D93 /* ServicesController.swift in Sources */,
				CD6DCFF4267A648400BC376B /* ServiceOfTheWeekView.swift in Sources */,
				CDE870E02652E1610082551B /* SceneDelegate.swift in Sources */,
				CD6DD00A267FC7A800BC376B /* PaymentController.swift in Sources */,
				CDCCD0B0265D4DB4007ABECF /* Constants.swift in Sources */,
				CD203BFA2667FA9F00335D93 /* DashboardViewController.swift in Sources */,
				CD319F7A2679462500F48E3C /* LogoImageView.swift in Sources */,
			);
			runOnlyForDeploymentPostprocessing = 0;
		};
/* End PBXSourcesBuildPhase section */

/* Begin PBXVariantGroup section */
		CDE870E82652E1640082551B /* LaunchScreen.storyboard */ = {
			isa = PBXVariantGroup;
			children = (
				CDE870E92652E1640082551B /* Base */,
				CDE871252652E31B0082551B /* fr */,
				CDE871262652E3290082551B /* es */,
			);
			name = LaunchScreen.storyboard;
			sourceTree = "<group>";
		};
		CDE871292652E3310082551B /* Localizable.strings */ = {
			isa = PBXVariantGroup;
			children = (
				CDE871282652E3310082551B /* en */,
				CDE8712A2652E3350082551B /* fr */,
				CDE8712B2652E3360082551B /* es */,
			);
			name = Localizable.strings;
			sourceTree = "<group>";
		};
/* End PBXVariantGroup section */

/* Begin XCBuildConfiguration section */
		CDE870EC2652E1640082551B /* Debug */ = {
			isa = XCBuildConfiguration;
			buildSettings = {
				ALWAYS_SEARCH_USER_PATHS = NO;
				CLANG_ANALYZER_LOCALIZABILITY_NONLOCALIZED = YES;
				CLANG_ANALYZER_NONNULL = YES;
				CLANG_ANALYZER_NUMBER_OBJECT_CONVERSION = YES_AGGRESSIVE;
				CLANG_CXX_LANGUAGE_STANDARD = "gnu++14";
				CLANG_CXX_LIBRARY = "libc++";
				CLANG_ENABLE_MODULES = YES;
				CLANG_ENABLE_OBJC_ARC = YES;
				CLANG_ENABLE_OBJC_WEAK = YES;
				CLANG_WARN_BLOCK_CAPTURE_AUTORELEASING = YES;
				CLANG_WARN_BOOL_CONVERSION = YES;
				CLANG_WARN_COMMA = YES;
				CLANG_WARN_CONSTANT_CONVERSION = YES;
				CLANG_WARN_DEPRECATED_OBJC_IMPLEMENTATIONS = YES;
				CLANG_WARN_DIRECT_OBJC_ISA_USAGE = YES_ERROR;
				CLANG_WARN_DOCUMENTATION_COMMENTS = YES;
				CLANG_WARN_EMPTY_BODY = YES;
				CLANG_WARN_ENUM_CONVERSION = YES;
				CLANG_WARN_INFINITE_RECURSION = YES;
				CLANG_WARN_INT_CONVERSION = YES;
				CLANG_WARN_NON_LITERAL_NULL_CONVERSION = YES;
				CLANG_WARN_OBJC_IMPLICIT_RETAIN_SELF = YES;
				CLANG_WARN_OBJC_LITERAL_CONVERSION = YES;
				CLANG_WARN_OBJC_ROOT_CLASS = YES_ERROR;
				CLANG_WARN_QUOTED_INCLUDE_IN_FRAMEWORK_HEADER = YES;
				CLANG_WARN_RANGE_LOOP_ANALYSIS = YES;
				CLANG_WARN_STRICT_PROTOTYPES = YES;
				CLANG_WARN_SUSPICIOUS_MOVE = YES;
				CLANG_WARN_UNGUARDED_AVAILABILITY = YES_AGGRESSIVE;
				CLANG_WARN_UNREACHABLE_CODE = YES;
				CLANG_WARN__DUPLICATE_METHOD_MATCH = YES;
				COPY_PHASE_STRIP = NO;
				DEBUG_INFORMATION_FORMAT = dwarf;
				ENABLE_STRICT_OBJC_MSGSEND = YES;
				ENABLE_TESTABILITY = YES;
				GCC_C_LANGUAGE_STANDARD = gnu11;
				GCC_DYNAMIC_NO_PIC = NO;
				GCC_NO_COMMON_BLOCKS = YES;
				GCC_OPTIMIZATION_LEVEL = 0;
				GCC_PREPROCESSOR_DEFINITIONS = (
					"DEBUG=1",
					"$(inherited)",
				);
				GCC_WARN_64_TO_32_BIT_CONVERSION = YES;
				GCC_WARN_ABOUT_RETURN_TYPE = YES_ERROR;
				GCC_WARN_UNDECLARED_SELECTOR = YES;
				GCC_WARN_UNINITIALIZED_AUTOS = YES_AGGRESSIVE;
				GCC_WARN_UNUSED_FUNCTION = YES;
				GCC_WARN_UNUSED_VARIABLE = YES;
				IPHONEOS_DEPLOYMENT_TARGET = 14.5;
				MTL_ENABLE_DEBUG_INFO = INCLUDE_SOURCE;
				MTL_FAST_MATH = YES;
				ONLY_ACTIVE_ARCH = YES;
				SDKROOT = iphoneos;
				SWIFT_ACTIVE_COMPILATION_CONDITIONS = DEBUG;
				SWIFT_OPTIMIZATION_LEVEL = "-Onone";
			};
			name = Debug;
		};
		CDE870ED2652E1640082551B /* Release */ = {
			isa = XCBuildConfiguration;
			buildSettings = {
				ALWAYS_SEARCH_USER_PATHS = NO;
				CLANG_ANALYZER_LOCALIZABILITY_NONLOCALIZED = YES;
				CLANG_ANALYZER_NONNULL = YES;
				CLANG_ANALYZER_NUMBER_OBJECT_CONVERSION = YES_AGGRESSIVE;
				CLANG_CXX_LANGUAGE_STANDARD = "gnu++14";
				CLANG_CXX_LIBRARY = "libc++";
				CLANG_ENABLE_MODULES = YES;
				CLANG_ENABLE_OBJC_ARC = YES;
				CLANG_ENABLE_OBJC_WEAK = YES;
				CLANG_WARN_BLOCK_CAPTURE_AUTORELEASING = YES;
				CLANG_WARN_BOOL_CONVERSION = YES;
				CLANG_WARN_COMMA = YES;
				CLANG_WARN_CONSTANT_CONVERSION = YES;
				CLANG_WARN_DEPRECATED_OBJC_IMPLEMENTATIONS = YES;
				CLANG_WARN_DIRECT_OBJC_ISA_USAGE = YES_ERROR;
				CLANG_WARN_DOCUMENTATION_COMMENTS = YES;
				CLANG_WARN_EMPTY_BODY = YES;
				CLANG_WARN_ENUM_CONVERSION = YES;
				CLANG_WARN_INFINITE_RECURSION = YES;
				CLANG_WARN_INT_CONVERSION = YES;
				CLANG_WARN_NON_LITERAL_NULL_CONVERSION = YES;
				CLANG_WARN_OBJC_IMPLICIT_RETAIN_SELF = YES;
				CLANG_WARN_OBJC_LITERAL_CONVERSION = YES;
				CLANG_WARN_OBJC_ROOT_CLASS = YES_ERROR;
				CLANG_WARN_QUOTED_INCLUDE_IN_FRAMEWORK_HEADER = YES;
				CLANG_WARN_RANGE_LOOP_ANALYSIS = YES;
				CLANG_WARN_STRICT_PROTOTYPES = YES;
				CLANG_WARN_SUSPICIOUS_MOVE = YES;
				CLANG_WARN_UNGUARDED_AVAILABILITY = YES_AGGRESSIVE;
				CLANG_WARN_UNREACHABLE_CODE = YES;
				CLANG_WARN__DUPLICATE_METHOD_MATCH = YES;
				COPY_PHASE_STRIP = NO;
				DEBUG_INFORMATION_FORMAT = "dwarf-with-dsym";
				ENABLE_NS_ASSERTIONS = NO;
				ENABLE_STRICT_OBJC_MSGSEND = YES;
				GCC_C_LANGUAGE_STANDARD = gnu11;
				GCC_NO_COMMON_BLOCKS = YES;
				GCC_WARN_64_TO_32_BIT_CONVERSION = YES;
				GCC_WARN_ABOUT_RETURN_TYPE = YES_ERROR;
				GCC_WARN_UNDECLARED_SELECTOR = YES;
				GCC_WARN_UNINITIALIZED_AUTOS = YES_AGGRESSIVE;
				GCC_WARN_UNUSED_FUNCTION = YES;
				GCC_WARN_UNUSED_VARIABLE = YES;
				IPHONEOS_DEPLOYMENT_TARGET = 14.5;
				MTL_ENABLE_DEBUG_INFO = NO;
				MTL_FAST_MATH = YES;
				SDKROOT = iphoneos;
				SWIFT_COMPILATION_MODE = wholemodule;
				SWIFT_OPTIMIZATION_LEVEL = "-O";
				VALIDATE_PRODUCT = YES;
			};
			name = Release;
		};
		CDE870EF2652E1640082551B /* Debug */ = {
			isa = XCBuildConfiguration;
			baseConfigurationReference = 009E7669434EEDF1549DCECF /* Pods-Project Doggystyle iOS.debug.xcconfig */;
			buildSettings = {
				ASSETCATALOG_COMPILER_APPICON_NAME = AppIcon;
				ASSETCATALOG_COMPILER_GLOBAL_ACCENT_COLOR_NAME = AccentColor;
				CODE_SIGN_STYLE = Automatic;
				DEVELOPMENT_TEAM = F5J6ZLKCR8;
				INFOPLIST_FILE = "Project Doggystyle iOS/Info.plist";
				LD_RUNPATH_SEARCH_PATHS = (
					"$(inherited)",
					"@executable_path/Frameworks",
				);
				PRODUCT_BUNDLE_IDENTIFIER = "com.kphonereact.Project-Doggystyle-iOS";
				PRODUCT_NAME = "$(TARGET_NAME)";
				SWIFT_VERSION = 5.0;
				TARGETED_DEVICE_FAMILY = 1;
			};
			name = Debug;
		};
		CDE870F02652E1640082551B /* Release */ = {
			isa = XCBuildConfiguration;
			baseConfigurationReference = AB384B464E20B6C31281433B /* Pods-Project Doggystyle iOS.release.xcconfig */;
			buildSettings = {
				ASSETCATALOG_COMPILER_APPICON_NAME = AppIcon;
				ASSETCATALOG_COMPILER_GLOBAL_ACCENT_COLOR_NAME = AccentColor;
				CODE_SIGN_STYLE = Automatic;
				DEVELOPMENT_TEAM = F5J6ZLKCR8;
				INFOPLIST_FILE = "Project Doggystyle iOS/Info.plist";
				LD_RUNPATH_SEARCH_PATHS = (
					"$(inherited)",
					"@executable_path/Frameworks",
				);
				PRODUCT_BUNDLE_IDENTIFIER = "com.kphonereact.Project-Doggystyle-iOS";
				PRODUCT_NAME = "$(TARGET_NAME)";
				SWIFT_VERSION = 5.0;
				TARGETED_DEVICE_FAMILY = 1;
			};
			name = Release;
		};
/* End XCBuildConfiguration section */

/* Begin XCConfigurationList section */
		CDE870D52652E1610082551B /* Build configuration list for PBXProject "Project Doggystyle iOS" */ = {
			isa = XCConfigurationList;
			buildConfigurations = (
				CDE870EC2652E1640082551B /* Debug */,
				CDE870ED2652E1640082551B /* Release */,
			);
			defaultConfigurationIsVisible = 0;
			defaultConfigurationName = Release;
		};
		CDE870EE2652E1640082551B /* Build configuration list for PBXNativeTarget "Project Doggystyle iOS" */ = {
			isa = XCConfigurationList;
			buildConfigurations = (
				CDE870EF2652E1640082551B /* Debug */,
				CDE870F02652E1640082551B /* Release */,
			);
			defaultConfigurationIsVisible = 0;
			defaultConfigurationName = Release;
		};
/* End XCConfigurationList section */

/* Begin XCRemoteSwiftPackageReference section */
		CDE8712C2652E3E70082551B /* XCRemoteSwiftPackageReference "TinyConstraints" */ = {
			isa = XCRemoteSwiftPackageReference;
			repositoryURL = "https://github.com/roberthein/TinyConstraints.git";
			requirement = {
				kind = upToNextMajorVersion;
				minimumVersion = 4.0.1;
			};
		};
		CDE8712F2652E4390082551B /* XCRemoteSwiftPackageReference "PhoneNumberKit" */ = {
			isa = XCRemoteSwiftPackageReference;
			repositoryURL = "https://github.com/marmelroy/PhoneNumberKit.git";
			requirement = {
				kind = upToNextMajorVersion;
				minimumVersion = 3.3.3;
			};
		};
		CDE871322652E4FE0082551B /* XCRemoteSwiftPackageReference "firebase-ios-sdk" */ = {
			isa = XCRemoteSwiftPackageReference;
			repositoryURL = "https://github.com/firebase/firebase-ios-sdk.git";
			requirement = {
				kind = upToNextMajorVersion;
				minimumVersion = 8.0.0;
			};
		};
		CDE87175265311150082551B /* XCRemoteSwiftPackageReference "lottie-ios" */ = {
			isa = XCRemoteSwiftPackageReference;
			repositoryURL = "https://github.com/airbnb/lottie-ios.git";
			requirement = {
				kind = upToNextMajorVersion;
				minimumVersion = 3.2.3;
			};
		};
		CDE871782653118B0082551B /* XCRemoteSwiftPackageReference "Alamofire" */ = {
			isa = XCRemoteSwiftPackageReference;
			repositoryURL = "https://github.com/Alamofire/Alamofire.git";
			requirement = {
				kind = upToNextMajorVersion;
				minimumVersion = 5.4.3;
			};
		};
		CDE8717B26531B030082551B /* XCRemoteSwiftPackageReference "SDWebImage" */ = {
			isa = XCRemoteSwiftPackageReference;
			repositoryURL = "https://github.com/SDWebImage/SDWebImage.git";
			requirement = {
				kind = upToNextMajorVersion;
				minimumVersion = 5.11.1;
			};
		};
/* End XCRemoteSwiftPackageReference section */

/* Begin XCSwiftPackageProductDependency section */
		CDE8712D2652E3E70082551B /* TinyConstraints */ = {
			isa = XCSwiftPackageProductDependency;
			package = CDE8712C2652E3E70082551B /* XCRemoteSwiftPackageReference "TinyConstraints" */;
			productName = TinyConstraints;
		};
		CDE871302652E4390082551B /* PhoneNumberKit */ = {
			isa = XCSwiftPackageProductDependency;
			package = CDE8712F2652E4390082551B /* XCRemoteSwiftPackageReference "PhoneNumberKit" */;
			productName = PhoneNumberKit;
		};
		CDE871332652E4FE0082551B /* FirebaseInstallations */ = {
			isa = XCSwiftPackageProductDependency;
			package = CDE871322652E4FE0082551B /* XCRemoteSwiftPackageReference "firebase-ios-sdk" */;
			productName = FirebaseInstallations;
		};
		CDE871352652E4FE0082551B /* FirebaseMessaging */ = {
			isa = XCSwiftPackageProductDependency;
			package = CDE871322652E4FE0082551B /* XCRemoteSwiftPackageReference "firebase-ios-sdk" */;
			productName = FirebaseMessaging;
		};
		CDE871372652E4FE0082551B /* FirebaseInAppMessagingSwift-Beta */ = {
			isa = XCSwiftPackageProductDependency;
			package = CDE871322652E4FE0082551B /* XCRemoteSwiftPackageReference "firebase-ios-sdk" */;
			productName = "FirebaseInAppMessagingSwift-Beta";
		};
		CDE871392652E4FE0082551B /* FirebaseDynamicLinks */ = {
			isa = XCSwiftPackageProductDependency;
			package = CDE871322652E4FE0082551B /* XCRemoteSwiftPackageReference "firebase-ios-sdk" */;
			productName = FirebaseDynamicLinks;
		};
		CDE8713B2652E4FE0082551B /* FirebaseStorage */ = {
			isa = XCSwiftPackageProductDependency;
			package = CDE871322652E4FE0082551B /* XCRemoteSwiftPackageReference "firebase-ios-sdk" */;
			productName = FirebaseStorage;
		};
		CDE8713D2652E4FE0082551B /* FirebaseAppCheck */ = {
			isa = XCSwiftPackageProductDependency;
			package = CDE871322652E4FE0082551B /* XCRemoteSwiftPackageReference "firebase-ios-sdk" */;
			productName = FirebaseAppCheck;
		};
		CDE8713F2652E4FE0082551B /* FirebaseAnalytics */ = {
			isa = XCSwiftPackageProductDependency;
			package = CDE871322652E4FE0082551B /* XCRemoteSwiftPackageReference "firebase-ios-sdk" */;
			productName = FirebaseAnalytics;
		};
		CDE871412652E4FE0082551B /* FirebaseAuth */ = {
			isa = XCSwiftPackageProductDependency;
			package = CDE871322652E4FE0082551B /* XCRemoteSwiftPackageReference "firebase-ios-sdk" */;
			productName = FirebaseAuth;
		};
		CDE871432652E4FE0082551B /* FirebaseFirestore */ = {
			isa = XCSwiftPackageProductDependency;
			package = CDE871322652E4FE0082551B /* XCRemoteSwiftPackageReference "firebase-ios-sdk" */;
			productName = FirebaseFirestore;
		};
		CDE871452652E4FE0082551B /* FirebaseDatabase */ = {
			isa = XCSwiftPackageProductDependency;
			package = CDE871322652E4FE0082551B /* XCRemoteSwiftPackageReference "firebase-ios-sdk" */;
			productName = FirebaseDatabase;
		};
		CDE871472652E4FE0082551B /* FirebaseFunctions */ = {
			isa = XCSwiftPackageProductDependency;
			package = CDE871322652E4FE0082551B /* XCRemoteSwiftPackageReference "firebase-ios-sdk" */;
			productName = FirebaseFunctions;
		};
		CDE871492652E4FE0082551B /* FirebaseCrashlytics */ = {
			isa = XCSwiftPackageProductDependency;
			package = CDE871322652E4FE0082551B /* XCRemoteSwiftPackageReference "firebase-ios-sdk" */;
			productName = FirebaseCrashlytics;
		};
		CDE8714B2652E4FE0082551B /* FirebaseRemoteConfig */ = {
			isa = XCSwiftPackageProductDependency;
			package = CDE871322652E4FE0082551B /* XCRemoteSwiftPackageReference "firebase-ios-sdk" */;
			productName = FirebaseRemoteConfig;
		};
		CDE87176265311150082551B /* Lottie */ = {
			isa = XCSwiftPackageProductDependency;
			package = CDE87175265311150082551B /* XCRemoteSwiftPackageReference "lottie-ios" */;
			productName = Lottie;
		};
		CDE871792653118B0082551B /* Alamofire */ = {
			isa = XCSwiftPackageProductDependency;
			package = CDE871782653118B0082551B /* XCRemoteSwiftPackageReference "Alamofire" */;
			productName = Alamofire;
		};
		CDE8717C26531B040082551B /* SDWebImage */ = {
			isa = XCSwiftPackageProductDependency;
			package = CDE8717B26531B030082551B /* XCRemoteSwiftPackageReference "SDWebImage" */;
			productName = SDWebImage;
		};
		CDE8717E26531B040082551B /* SDWebImageMapKit */ = {
			isa = XCSwiftPackageProductDependency;
			package = CDE8717B26531B030082551B /* XCRemoteSwiftPackageReference "SDWebImage" */;
			productName = SDWebImageMapKit;
		};
/* End XCSwiftPackageProductDependency section */
	};
	rootObject = CDE870D22652E1610082551B /* Project object */;
}
